
Microsoft Visual Studio Solution File, Format Version 12.00
# Visual Studio Version 17
VisualStudioVersion = 17.7.34031.279
MinimumVisualStudioVersion = 10.0.40219.1
Project("{FAE04EC0-301F-11D3-BF4B-00C04F79EFBC}") = "raccoon-sql-database-extractor", "raccoon-sql-database-extractor\raccoon-sql-database-extractor.csproj", "{1300E7A2-1FD8-48C4-829C-882C225CDF7F}"
EndProject
Global
	GlobalSection(SolutionConfigurationPlatforms) = preSolution
		Debug|Any CPU = Debug|Any CPU
		Release|Any CPU = Release|Any CPU
	EndGlobalSection
	GlobalSection(ProjectConfigurationPlatforms) = postSolution
		{1300E7A2-1FD8-48C4-829C-882C225CDF7F}.Debug|Any CPU.ActiveCfg = Debug|Any CPU
		{1300E7A2-1FD8-48C4-829C-882C225CDF7F}.Debug|Any CPU.Build.0 = Debug|Any CPU
		{1300E7A2-1FD8-48C4-829C-882C225CDF7F}.Release|Any CPU.ActiveCfg = Release|Any CPU
		{1300E7A2-1FD8-48C4-829C-882C225CDF7F}.Release|Any CPU.Build.0 = Release|Any CPU
	EndGlobalSection
	GlobalSection(SolutionProperties) = preSolution
		HideSolutionNode = FALSE
	EndGlobalSection
	GlobalSection(ExtensibilityGlobals) = postSolution
		SolutionGuid = {DF468C02-63AD-491F-80BB-69FDFACCAAFF}
	EndGlobalSection
EndGlobal
